Microsoft Visual Studio Solution File, Format Version 12.00
# Visual Studio 15
VisualStudioVersion = 15.0.26403.7
MinimumVisualStudioVersion = 15.0.26124.0
Project("{9A19103F-16F7-4668-BE54-9A1E7A4F7556}") = "Fibon.Api", "Fibon.Api\Fibon.Api.csproj", "{6F4DC3F4-4BC7-4543-8562-B128909C1C02}"
EndProject
Project("{9A19103F-16F7-4668-BE54-9A1E7A4F7556}") = "Fibon.Messages", "Fibon.Messages\Fibon.Messages.csproj", "{B1B33A41-1A8F-48C7-9449-E743FD594A01}"
EndProject
Project("{9A19103F-16F7-4668-BE54-9A1E7A4F7556}") = "Fibon.Service", "Fibon.Service\Fibon.Service.csproj", "{74EF7433-B15E-4D23-815F-087400BCD56F}"
EndProject
Global
	GlobalSection(SolutionConfigurationPlatforms) = preSolution
		Debug|Any CPU = Debug|Any CPU
		Debug|x64 = Debug|x64
		Debug|x86 = Debug|x86
		Release|Any CPU = Release|Any CPU
		Release|x64 = Release|x64
		Release|x86 = Release|x86
	EndGlobalSection
	GlobalSection(ProjectConfigurationPlatforms) = postSolution
		{6F4DC3F4-4BC7-4543-8562-B128909C1C02}.Debug|Any CPU.ActiveCfg = Debug|Any CPU
		{6F4DC3F4-4BC7-4543-8562-B128909C1C02}.Debug|Any CPU.Build.0 = Debug|Any CPU
		{6F4DC3F4-4BC7-4543-8562-B128909C1C02}.Debug|x64.ActiveCfg = Debug|Any CPU
		{6F4DC3F4-4BC7-4543-8562-B128909C1C02}.Debug|x64.Build.0 = Debug|Any CPU
		{6F4DC3F4-4BC7-4543-8562-B128909C1C02}.Debug|x86.ActiveCfg = Debug|Any CPU
		{6F4DC3F4-4BC7-4543-8562-B128909C1C02}.Debug|x86.Build.0 = Debug|Any CPU
		{6F4DC3F4-4BC7-4543-8562-B128909C1C02}.Release|Any CPU.ActiveCfg = Release|Any CPU
		{6F4DC3F4-4BC7-4543-8562-B128909C1C02}.Release|Any CPU.Build.0 = Release|Any CPU
		{6F4DC3F4-4BC7-4543-8562-B128909C1C02}.Release|x64.ActiveCfg = Release|Any CPU
		{6F4DC3F4-4BC7-4543-8562-B128909C1C02}.Release|x64.Build.0 = Release|Any CPU
		{6F4DC3F4-4BC7-4543-8562-B128909C1C02}.Release|x86.ActiveCfg = Release|Any CPU
		{6F4DC3F4-4BC7-4543-8562-B128909C1C02}.Release|x86.Build.0 = Release|Any CPU
		{B1B33A41-1A8F-48C7-9449-E743FD594A01}.Debug|Any CPU.ActiveCfg = Debug|Any CPU
		{B1B33A41-1A8F-48C7-9449-E743FD594A01}.Debug|Any CPU.Build.0 = Debug|Any CPU
		{B1B33A41-1A8F-48C7-9449-E743FD594A01}.Debug|x64.ActiveCfg = Debug|Any CPU
		{B1B33A41-1A8F-48C7-9449-E743FD594A01}.Debug|x64.Build.0 = Debug|Any CPU
		{B1B33A41-1A8F-48C7-9449-E743FD594A01}.Debug|x86.ActiveCfg = Debug|Any CPU
		{B1B33A41-1A8F-48C7-9449-E743FD594A01}.Debug|x86.Build.0 = Debug|Any CPU
		{B1B33A41-1A8F-48C7-9449-E743FD594A01}.Release|Any CPU.ActiveCfg = Release|Any CPU
		{B1B33A41-1A8F-48C7-9449-E743FD594A01}.Release|Any CPU.Build.0 = Release|Any CPU
		{B1B33A41-1A8F-48C7-9449-E743FD594A01}.Release|x64.ActiveCfg = Release|Any CPU
		{B1B33A41-1A8F-48C7-9449-E743FD594A01}.Release|x64.Build.0 = Release|Any CPU
		{B1B33A41-1A8F-48C7-9449-E743FD594A01}.Release|x86.ActiveCfg = Release|Any CPU
		{B1B33A41-1A8F-48C7-9449-E743FD594A01}.Release|x86.Build.0 = Release|Any CPU
		{74EF7433-B15E-4D23-815F-087400BCD56F}.Debug|Any CPU.ActiveCfg = Debug|Any CPU
		{74EF7433-B15E-4D23-815F-087400BCD56F}.Debug|Any CPU.Build.0 = Debug|Any CPU
		{74EF7433-B15E-4D23-815F-087400BCD56F}.Debug|x64.ActiveCfg = Debug|Any CPU
		{74EF7433-B15E-4D23-815F-087400BCD56F}.Debug|x64.Build.0 = Debug|Any CPU
		{74EF7433-B15E-4D23-815F-087400BCD56F}.Debug|x86.ActiveCfg = Debug|Any CPU
		{74EF7433-B15E-4D23-815F-087400BCD56F}.Debug|x86.Build.0 = Debug|Any CPU
		{74EF7433-B15E-4D23-815F-087400BCD56F}.Release|Any CPU.ActiveCfg = Release|Any CPU
		{74EF7433-B15E-4D23-815F-087400BCD56F}.Release|Any CPU.Build.0 = Release|Any CPU
		{74EF7433-B15E-4D23-815F-087400BCD56F}.Release|x64.ActiveCfg = Release|Any CPU
		{74EF7433-B15E-4D23-815F-087400BCD56F}.Release|x64.Build.0 = Release|Any CPU
		{74EF7433-B15E-4D23-815F-087400BCD56F}.Release|x86.ActiveCfg = Release|Any CPU
		{74EF7433-B15E-4D23-815F-087400BCD56F}.Release|x86.Build.0 = Release|Any CPU
	EndGlobalSection
	GlobalSection(SolutionProperties) = preSolution
		HideSolutionNode = FALSE
	EndGlobalSection
EndGlobal
